{
  "name": "e2e",
  "version": "0.0.0-dev",
  "lockfileVersion": 3,
  "requires": true,
  "packages": {
    "": {
      "name": "e2e",
      "version": "0.0.0-dev",
      "license": "MIT",
      "devDependencies": {
        "@lvce-editor/test-with-playwright": "^2.23.0"
      }
    },
    "node_modules/@lvce-editor/assert": {
      "version": "1.4.0",
      "resolved": "https://registry.npmjs.org/@lvce-editor/assert/-/assert-1.4.0.tgz",
      "integrity": "sha512-YbsNvT6V1+VM+PJRiQC5VEqAdAeiSMh5flQuioVdTjBHinu+Rbb2qP3uaxiJFjA2KN3k9UUYyvQrEAWYnUtarw==",
      "dev": true,
      "license": "MIT"
    },
    "node_modules/@lvce-editor/command": {
      "version": "1.2.0",
      "resolved": "https://registry.npmjs.org/@lvce-editor/command/-/command-1.2.0.tgz",
      "integrity": "sha512-L9RCl+cOXyIlugI6od3uDqr4cGo0nVOfbgCTzYmR2WKKZE+iETf1A939b1Mv0WwiEiv42bSw7DJGHelaN6STKA==",
      "dev": true,
      "license": "MIT"
    },
    "node_modules/@lvce-editor/ipc": {
      "version": "14.3.0",
      "resolved": "https://registry.npmjs.org/@lvce-editor/ipc/-/ipc-14.3.0.tgz",
      "integrity": "sha512-8FIHmMCWMi/VrrulhbRBHJxVIN5bVtZCWkFU0tp8tA+8xH6F/a7uODgzbFJqy1zMoxGSFMyQCy5jLrz7SjrUrA==",
      "dev": true,
      "license": "MIT",
      "dependencies": {
        "@lvce-editor/assert": "^1.3.0",
        "@lvce-editor/verror": "^1.7.0",
        "@lvce-editor/web-socket-server": "^2.1.0"
      },
      "engines": {
        "node": ">=22"
      }
    },
    "node_modules/@lvce-editor/json-rpc": {
      "version": "6.2.0",
      "resolved": "https://registry.npmjs.org/@lvce-editor/json-rpc/-/json-rpc-6.2.0.tgz",
      "integrity": "sha512-8/iHluiEgfxHfQLzB0mj+cu6iMqIEZ/iCAPu12auzIPNII1FHE9VOINnV7m1odhDF32LHunOLGKcvjzQvQUaEA==",
      "dev": true,
      "license": "MIT"
    },
    "node_modules/@lvce-editor/test-with-playwright": {
      "version": "2.23.0",
      "resolved": "https://registry.npmjs.org/@lvce-editor/test-with-playwright/-/test-with-playwright-2.23.0.tgz",
      "integrity": "sha512-UVPY6OT+gVaMs41067shLqrkJqpDDlua/6ciRCVUcjNoFn5CeVzuMMT8SmyNQ5Ox5c6uDFWCNPkdz0tT/Zw5mA==",
      "dev": true,
      "license": "MIT",
      "dependencies": {
        "@lvce-editor/assert": "^1.4.0",
        "@lvce-editor/command": "^1.2.0",
        "@lvce-editor/ipc": "^14.3.0",
        "@lvce-editor/json-rpc": "^6.2.0",
        "@lvce-editor/test-with-playwright-worker": "2.23.0",
        "@lvce-editor/verror": "^1.7.0",
        "minimist": "^1.2.8"
      },
      "bin": {
        "test-with-playwright": "bin/test-with-playwright.js"
      }
    },
    "node_modules/@lvce-editor/test-with-playwright-worker": {
      "version": "2.23.0",
      "resolved": "https://registry.npmjs.org/@lvce-editor/test-with-playwright-worker/-/test-with-playwright-worker-2.23.0.tgz",
      "integrity": "sha512-1fsUyuRM6RNtfy3ORsmfQSgV2SzoCGtvVHB05IzKCLtM0CMBg6DZBAUQYrxuA2kvXcCfQ3KG4nTl/q1Z/Gj34w==",
      "dev": true,
      "license": "MIT",
      "dependencies": {
        "@lvce-editor/assert": "^1.4.0",
        "@lvce-editor/command": "^1.2.0",
        "@lvce-editor/ipc": "^14.3.0",
        "@lvce-editor/json-rpc": "^6.2.0",
        "@lvce-editor/verror": "^1.7.0",
        "@playwright/test": "^1.53.2",
        "get-port": "^7.1.0"
      }
    },
    "node_modules/@lvce-editor/verror": {
      "version": "1.7.0",
      "resolved": "https://registry.npmjs.org/@lvce-editor/verror/-/verror-1.7.0.tgz",
      "integrity": "sha512-+LGuAEIC2L7pbvkyAQVWM2Go0dAy+UWEui28g07zNtZsCBhm+gusBK8PNwLJLV5Jay+TyUYuwLIbJdjLLzqEBg==",
      "dev": true,
      "license": "MIT"
    },
    "node_modules/@lvce-editor/web-socket-server": {
      "version": "2.1.0",
      "resolved": "https://registry.npmjs.org/@lvce-editor/web-socket-server/-/web-socket-server-2.1.0.tgz",
      "integrity": "sha512-Yldf6nJ4seaFaysYTkkLkOhuJQxkdyX/u01vk1X0dXi21882wMtQbDmYZoAg9rVGWbdBFDIdAJ99pFCAM8eUQA==",
      "dev": true,
      "license": "MIT",
      "dependencies": {
        "ws": "^8.18.2"
      },
      "engines": {
        "node": ">=22"
      }
    },
    "node_modules/@playwright/test": {
      "version": "1.54.1",
      "resolved": "https://registry.npmjs.org/@playwright/test/-/test-1.54.1.tgz",
      "integrity": "sha512-FS8hQ12acieG2dYSksmLOF7BNxnVf2afRJdCuM1eMSxj6QTSE6G4InGF7oApGgDb65MX7AwMVlIkpru0yZA4Xw==",
      "dev": true,
      "license": "Apache-2.0",
      "dependencies": {
        "playwright": "1.54.1"
      },
      "bin": {
        "playwright": "cli.js"
      },
      "engines": {
        "node": ">=18"
      }
    },
    "node_modules/fsevents": {
      "version": "2.3.2",
      "resolved": "https://registry.npmjs.org/fsevents/-/fsevents-2.3.2.tgz",
      "integrity": "sha512-xiqMQR4xAeHTuB9uWm+fFRcIOgKBMiOBP+eXiyT7jsgVCq1bkVygt00oASowB7EdtpOHaaPgKt812P9ab+DDKA==",
      "dev": true,
      "hasInstallScript": true,
      "license": "MIT",
      "optional": true,
      "os": [
        "darwin"
      ],
      "engines": {
        "node": "^8.16.0 || ^10.6.0 || >=11.0.0"
      }
    },
    "node_modules/get-port": {
      "version": "7.1.0",
      "resolved": "https://registry.npmjs.org/get-port/-/get-port-7.1.0.tgz",
      "integrity": "sha512-QB9NKEeDg3xxVwCCwJQ9+xycaz6pBB6iQ76wiWMl1927n0Kir6alPiP+yuiICLLU4jpMe08dXfpebuQppFA2zw==",
      "dev": true,
      "license": "MIT",
      "engines": {
        "node": ">=16"
      },
      "funding": {
        "url": "https://github.com/sponsors/sindresorhus"
      }
    },
    "node_modules/minimist": {
      "version": "1.2.8",
      "resolved": "https://registry.npmjs.org/minimist/-/minimist-1.2.8.tgz",
      "integrity": "sha512-2yyAR8qBkN3YuheJanUpWC5U3bb5osDywNB8RzDVlDwDHbocAJveqqj1u8+SVD7jkWT4yvsHCpWqqWqAxb0zCA==",
      "dev": true,
      "license": "MIT",
      "funding": {
        "url": "https://github.com/sponsors/ljharb"
      }
    },
    "node_modules/playwright": {
      "version": "1.54.1",
      "resolved": "https://registry.npmjs.org/playwright/-/playwright-1.54.1.tgz",
      "integrity": "sha512-peWpSwIBmSLi6aW2auvrUtf2DqY16YYcCMO8rTVx486jKmDTJg7UAhyrraP98GB8BoPURZP8+nxO7TSd4cPr5g==",
      "dev": true,
      "license": "Apache-2.0",
      "dependencies": {
        "playwright-core": "1.54.1"
      },
      "bin": {
        "playwright": "cli.js"
      },
      "engines": {
        "node": ">=18"
      },
      "optionalDependencies": {
        "fsevents": "2.3.2"
      }
    },
    "node_modules/playwright-core": {
      "version": "1.54.1",
      "resolved": "https://registry.npmjs.org/playwright-core/-/playwright-core-1.54.1.tgz",
      "integrity": "sha512-Nbjs2zjj0htNhzgiy5wu+3w09YetDx5pkrpI/kZotDlDUaYk0HVA5xrBVPdow4SAUIlhgKcJeJg4GRKW6xHusA==",
      "dev": true,
      "license": "Apache-2.0",
      "bin": {
        "playwright-core": "cli.js"
      },
      "engines": {
        "node": ">=18"
      }
    },
    "node_modules/ws": {
      "version": "8.18.3",
      "resolved": "https://registry.npmjs.org/ws/-/ws-8.18.3.tgz",
      "integrity": "sha512-PEIGCY5tSlUt50cqyMXfCzX+oOPqN0vuGqWzbcJ2xvnkzkq46oOpz7dQaTDBdfICb4N14+GARUDw2XV2N4tvzg==",
      "dev": true,
      "license": "MIT",
      "engines": {
        "node": ">=10.0.0"
      },
      "peerDependencies": {
        "bufferutil": "^4.0.1",
        "utf-8-validate": ">=5.0.2"
      },
      "peerDependenciesMeta": {
        "bufferutil": {
          "optional": true
        },
        "utf-8-validate": {
          "optional": true
        }
      }
    }
  }
}
